
Microsoft Visual Studio Solution File, Format Version 12.00
# Visual Studio 15
VisualStudioVersion = 15.0.28010.2036
MinimumVisualStudioVersion = 10.0.40219.1
Project("{FAE04EC0-301F-11D3-BF4B-00C04F79EFBC}") = "BlogPost", "BlogPost\BlogPost.csproj", "{046A69DF-7409-4794-93A0-452810467FFB}"
EndProject
Global
	GlobalSection(SolutionConfigurationPlatforms) = preSolution
		Debug|Any CPU = Debug|Any CPU
		Release|Any CPU = Release|Any CPU
	EndGlobalSection
	GlobalSection(ProjectConfigurationPlatforms) = postSolution
		{046A69DF-7409-4794-93A0-452810467FFB}.Debug|Any CPU.ActiveCfg = Debug|Any CPU
		{046A69DF-7409-4794-93A0-452810467FFB}.Debug|Any CPU.Build.0 = Debug|Any CPU
		{046A69DF-7409-4794-93A0-452810467FFB}.Release|Any CPU.ActiveCfg = Release|Any CPU
		{046A69DF-7409-4794-93A0-452810467FFB}.Release|Any CPU.Build.0 = Release|Any CPU
	EndGlobalSection
	GlobalSection(SolutionProperties) = preSolution
		HideSolutionNode = FALSE
	EndGlobalSection
	GlobalSection(ExtensibilityGlobals) = postSolution
		SolutionGuid = {C24C3AE3-C8E9-4186-A2E5-71285F8980A5}
	EndGlobalSection
EndGlobal
